{
  "name": "xinghe-helper",
  "version": "0.1.0",
  "lockfileVersion": 3,
  "requires": true,
  "packages": {
    "": {
      "name": "xinghe-helper",
      "version": "0.1.0",
      "devDependencies": {
        "@cloudbase/cli": "^3.8.5"
      }
    },
    "node_modules/@cloudbase/cli": {
      "version": "3.8.5",
      "resolved": "https://registry.npmjs.org/@cloudbase/cli/-/cli-3.8.5.tgz",
      "integrity": "sha512-iiHSGKrWIJnNyKfRrJEd7kf7rN0GshyvCvid0zGejwipx3z/1Oq1NcbyoOoC4dmS3OlDdxMGqT7EWrpCafXgFA==",
      "dev": true,
      "license": "ISC",
      "bin": {
        "cloudbase": "bin/cloudbase",
        "cloudbase-mcp": "bin/cloudbase-mcp",
        "tcb": "bin/tcb"
      }
    }
  }
}
